
Microsoft Visual Studio Solution File, Format Version 12.00
# Visual Studio Version 17
VisualStudioVersion = 17.5.002.0
MinimumVisualStudioVersion = 10.0.40219.1
Project("{FAE04EC0-301F-11D3-BF4B-00C04F79EFBC}") = "Virkarekisteri", "src\Virkarekisteri.csproj", "{88699E01-9D09-4E44-A9B4-DB8B135DA9C3}"
EndProject
Project("{2150E333-8FDC-42A3-9474-1A3956D46DE8}") = "tests", "tests", "{C3F04AD9-9976-4F44-B2DD-580F9228DEB1}"
EndProject
Project("{FAE04EC0-301F-11D3-BF4B-00C04F79EFBC}") = "Virkarekisteri.Tests", "tests\Virkarekisteri.Tests\Virkarekisteri.Tests.csproj", "{FC514268-17AC-48C9-A5BD-02CCD05C452E}"
EndProject
Global
	GlobalSection(SolutionProperties) = preSolution
		HideSolutionNode = FALSE
	EndGlobalSection
	GlobalSection(ExtensibilityGlobals) = postSolution
		SolutionGuid = {DA2FA7D2-75C6-45D4-953E-1BC4412EFEA4}
	EndGlobalSection
	GlobalSection(SolutionConfigurationPlatforms) = preSolution
		Debug|Any CPU = Debug|Any CPU
		Debug|x64 = Debug|x64
		Debug|x86 = Debug|x86
		Release|Any CPU = Release|Any CPU
		Release|x64 = Release|x64
		Release|x86 = Release|x86
	EndGlobalSection
	GlobalSection(ProjectConfigurationPlatforms) = postSolution
		{88699E01-9D09-4E44-A9B4-DB8B135DA9C3}.Debug|Any CPU.ActiveCfg = Debug|Any CPU
		{88699E01-9D09-4E44-A9B4-DB8B135DA9C3}.Debug|Any CPU.Build.0 = Debug|Any CPU
		{88699E01-9D09-4E44-A9B4-DB8B135DA9C3}.Debug|x64.ActiveCfg = Debug|Any CPU
		{88699E01-9D09-4E44-A9B4-DB8B135DA9C3}.Debug|x64.Build.0 = Debug|Any CPU
		{88699E01-9D09-4E44-A9B4-DB8B135DA9C3}.Debug|x86.ActiveCfg = Debug|Any CPU
		{88699E01-9D09-4E44-A9B4-DB8B135DA9C3}.Debug|x86.Build.0 = Debug|Any CPU
		{88699E01-9D09-4E44-A9B4-DB8B135DA9C3}.Release|Any CPU.ActiveCfg = Release|Any CPU
		{88699E01-9D09-4E44-A9B4-DB8B135DA9C3}.Release|Any CPU.Build.0 = Release|Any CPU
		{88699E01-9D09-4E44-A9B4-DB8B135DA9C3}.Release|x64.ActiveCfg = Release|Any CPU
		{88699E01-9D09-4E44-A9B4-DB8B135DA9C3}.Release|x64.Build.0 = Release|Any CPU
		{88699E01-9D09-4E44-A9B4-DB8B135DA9C3}.Release|x86.ActiveCfg = Release|Any CPU
		{88699E01-9D09-4E44-A9B4-DB8B135DA9C3}.Release|x86.Build.0 = Release|Any CPU
		{FC514268-17AC-48C9-A5BD-02CCD05C452E}.Debug|Any CPU.ActiveCfg = Debug|Any CPU
		{FC514268-17AC-48C9-A5BD-02CCD05C452E}.Debug|Any CPU.Build.0 = Debug|Any CPU
		{FC514268-17AC-48C9-A5BD-02CCD05C452E}.Debug|x64.ActiveCfg = Debug|Any CPU
		{FC514268-17AC-48C9-A5BD-02CCD05C452E}.Debug|x64.Build.0 = Debug|Any CPU
		{FC514268-17AC-48C9-A5BD-02CCD05C452E}.Debug|x86.ActiveCfg = Debug|Any CPU
		{FC514268-17AC-48C9-A5BD-02CCD05C452E}.Debug|x86.Build.0 = Debug|Any CPU
		{FC514268-17AC-48C9-A5BD-02CCD05C452E}.Release|Any CPU.ActiveCfg = Release|Any CPU
		{FC514268-17AC-48C9-A5BD-02CCD05C452E}.Release|Any CPU.Build.0 = Release|Any CPU
		{FC514268-17AC-48C9-A5BD-02CCD05C452E}.Release|x64.ActiveCfg = Release|Any CPU
		{FC514268-17AC-48C9-A5BD-02CCD05C452E}.Release|x64.Build.0 = Release|Any CPU
		{FC514268-17AC-48C9-A5BD-02CCD05C452E}.Release|x86.ActiveCfg = Release|Any CPU
		{FC514268-17AC-48C9-A5BD-02CCD05C452E}.Release|x86.Build.0 = Release|Any CPU
	EndGlobalSection
	GlobalSection(NestedProjects) = preSolution
		{FC514268-17AC-48C9-A5BD-02CCD05C452E} = {C3F04AD9-9976-4F44-B2DD-580F9228DEB1}
	EndGlobalSection
EndGlobal
